// !$*UTF8*$!
{
	archiveVersion = 1;
	classes = {
	};
	objectVersion = 46;
	objects = {

/* Begin PBXBuildFile section */
		E3EC70A619BE13B2002B5978 /* AppDelegate.swift in Sources */ = {isa = PBXBuildFile; fileRef = E3EC70A519BE13B2002B5978 /* AppDelegate.swift */; };
		E3EC70AA19BE13B2002B5978 /* GameScene.swift in Sources */ = {isa = PBXBuildFile; fileRef = E3EC70A919BE13B2002B5978 /* GameScene.swift */; };
		E3EC70AC19BE13B2002B5978 /* GameViewController.swift in Sources */ = {isa = PBXBuildFile; fileRef = E3EC70AB19BE13B2002B5978 /* GameViewController.swift */; };
		E3EC70AF19BE13B2002B5978 /* Main.storyboard in Resources */ = {isa = PBXBuildFile; fileRef = E3EC70AD19BE13B2002B5978 /* Main.storyboard */; };
		E3EC70BD19BE13B3002B5978 /* CatoCrushTests.swift in Sources */ = {isa = PBXBuildFile; fileRef = E3EC70BC19BE13B3002B5978 /* CatoCrushTests.swift */; };
		E3EC70C719BE13D6002B5978 /* Grid.atlas in Resources */ = {isa = PBXBuildFile; fileRef = E3EC70C619BE13D6002B5978 /* Grid.atlas */; };
		E3EC70DB19BE14EB002B5978 /* Images.xcassets in Resources */ = {isa = PBXBuildFile; fileRef = E3EC70DA19BE14EB002B5978 /* Images.xcassets */; };
		E3EC70DD19BE1704002B5978 /* Program.swift in Sources */ = {isa = PBXBuildFile; fileRef = E3EC70DC19BE1704002B5978 /* Program.swift */; };
		E3EC70DF19BE1904002B5978 /* Array2D.swift in Sources */ = {isa = PBXBuildFile; fileRef = E3EC70DE19BE1904002B5978 /* Array2D.swift */; };
		E3EC70E119BE19AB002B5978 /* Set.swift in Sources */ = {isa = PBXBuildFile; fileRef = E3EC70E019BE19AB002B5978 /* Set.swift */; };
		E3EC70E319BE19F2002B5978 /* Level.swift in Sources */ = {isa = PBXBuildFile; fileRef = E3EC70E219BE19F2002B5978 /* Level.swift */; };
		E3EC70E519BE1CCC002B5978 /* Sprites.atlas in Resources */ = {isa = PBXBuildFile; fileRef = E3EC70E419BE1CCC002B5978 /* Sprites.atlas */; };
		E3EC70EC19BE236E002B5978 /* Level_0.json in Resources */ = {isa = PBXBuildFile; fileRef = E3EC70E719BE236E002B5978 /* Level_0.json */; };
		E3EC70ED19BE236E002B5978 /* Level_1.json in Resources */ = {isa = PBXBuildFile; fileRef = E3EC70E819BE236E002B5978 /* Level_1.json */; };
		E3EC70EE19BE236E002B5978 /* Level_2.json in Resources */ = {isa = PBXBuildFile; fileRef = E3EC70E919BE236E002B5978 /* Level_2.json */; };
		E3EC70EF19BE236E002B5978 /* Level_3.json in Resources */ = {isa = PBXBuildFile; fileRef = E3EC70EA19BE236E002B5978 /* Level_3.json */; };
		E3EC70F019BE236E002B5978 /* Level_4.json in Resources */ = {isa = PBXBuildFile; fileRef = E3EC70EB19BE236E002B5978 /* Level_4.json */; };
		E3EC70F219BE239E002B5978 /* Tile.swift in Sources */ = {isa = PBXBuildFile; fileRef = E3EC70F119BE239E002B5978 /* Tile.swift */; };
		E3EC70F419BE23CD002B5978 /* Extensions.swift in Sources */ = {isa = PBXBuildFile; fileRef = E3EC70F319BE23CD002B5978 /* Extensions.swift */; };
		E3EC70F619BE2C08002B5978 /* Swap.swift in Sources */ = {isa = PBXBuildFile; fileRef = E3EC70F519BE2C07002B5978 /* Swap.swift */; };
		E3EC70FE19BE3B58002B5978 /* Chomp.wav in Resources */ = {isa = PBXBuildFile; fileRef = E3EC70F819BE3B58002B5978 /* Chomp.wav */; };
		E3EC70FF19BE3B58002B5978 /* Drip.wav in Resources */ = {isa = PBXBuildFile; fileRef = E3EC70F919BE3B58002B5978 /* Drip.wav */; };
		E3EC710019BE3B58002B5978 /* Error.wav in Resources */ = {isa = PBXBuildFile; fileRef = E3EC70FA19BE3B58002B5978 /* Error.wav */; };
		E3EC710119BE3B58002B5978 /* Ka-Ching.wav in Resources */ = {isa = PBXBuildFile; fileRef = E3EC70FB19BE3B58002B5978 /* Ka-Ching.wav */; };
		E3EC710219BE3B58002B5978 /* Mining by Moonlight.mp3 in Resources */ = {isa = PBXBuildFile; fileRef = E3EC70FC19BE3B58002B5978 /* Mining by Moonlight.mp3 */; };
		E3EC710319BE3B58002B5978 /* Scrape.wav in Resources */ = {isa = PBXBuildFile; fileRef = E3EC70FD19BE3B58002B5978 /* Scrape.wav */; };
		E3EC710519BE3C53002B5978 /* Chain.swift in Sources */ = {isa = PBXBuildFile; fileRef = E3EC710419BE3C53002B5978 /* Chain.swift */; };
/* End PBXBuildFile section */

/* Begin PBXContainerItemProxy section */
		E3EC70B719BE13B3002B5978 /* PBXContainerItemProxy */ = {
			isa = PBXContainerItemProxy;
			containerPortal = E3EC709819BE13B2002B5978 /* Project object */;
			proxyType = 1;
			remoteGlobalIDString = E3EC709F19BE13B2002B5978;
			remoteInfo = CatoCrush;
		};
/* End PBXContainerItemProxy section */

/* Begin PBXFileReference section */
		E3EC70A019BE13B2002B5978 /* CatoCrush.app */ = {isa = PBXFileReference; explicitFileType = wrapper.application; includeInIndex = 0; path = CatoCrush.app; sourceTree = BUILT_PRODUCTS_DIR; };
		E3EC70A419BE13B2002B5978 /* Info.plist */ = {isa = PBXFileReference; lastKnownFileType = text.plist.xml; path = Info.plist; sourceTree = "<group>"; };
		E3EC70A519BE13B2002B5978 /* AppDelegate.swift */ = {isa = PBXFileReference; lastKnownFileType = sourcecode.swift; path = AppDelegate.swift; sourceTree = "<group>"; };
		E3EC70A919BE13B2002B5978 /* GameScene.swift */ = {isa = PBXFileReference; lastKnownFileType = sourcecode.swift; path = GameScene.swift; sourceTree = "<group>"; };
		E3EC70AB19BE13B2002B5978 /* GameViewController.swift */ = {isa = PBXFileReference; lastKnownFileType = sourcecode.swift; path = GameViewController.swift; sourceTree = "<group>"; };
		E3EC70AE19BE13B2002B5978 /* Base */ = {isa = PBXFileReference; lastKnownFileType = file.storyboard; name = Base; path = Base.lproj/Main.storyboard; sourceTree = "<group>"; };
		E3EC70B619BE13B3002B5978 /* CatoCrushTests.xctest */ = {isa = PBXFileReference; explicitFileType = wrapper.cfbundle; includeInIndex = 0; path = CatoCrushTests.xctest; sourceTree = BUILT_PRODUCTS_DIR; };
		E3EC70BB19BE13B3002B5978 /* Info.plist */ = {isa = PBXFileReference; lastKnownFileType = text.plist.xml; path = Info.plist; sourceTree = "<group>"; };
		E3EC70BC19BE13B3002B5978 /* CatoCrushTests.swift */ = {isa = PBXFileReference; lastKnownFileType = sourcecode.swift; path = CatoCrushTests.swift; sourceTree = "<group>"; };
		E3EC70C619BE13D6002B5978 /* Grid.atlas */ = {isa = PBXFileReference; lastKnownFileType = folder.skatlas; path = Grid.atlas; sourceTree = "<group>"; };
		E3EC70DA19BE14EB002B5978 /* Images.xcassets */ = {isa = PBXFileReference; lastKnownFileType = folder.assetcatalog; path = Images.xcassets; sourceTree = "<group>"; };
		E3EC70DC19BE1704002B5978 /* Program.swift */ = {isa = PBXFileReference; fileEncoding = 4; lastKnownFileType = sourcecode.swift; path = Program.swift; sourceTree = "<group>"; };
		E3EC70DE19BE1904002B5978 /* Array2D.swift */ = {isa = PBXFileReference; fileEncoding = 4; lastKnownFileType = sourcecode.swift; path = Array2D.swift; sourceTree = "<group>"; };
		E3EC70E019BE19AB002B5978 /* Set.swift */ = {isa = PBXFileReference; fileEncoding = 4; lastKnownFileType = sourcecode.swift; path = Set.swift; sourceTree = "<group>"; };
		E3EC70E219BE19F2002B5978 /* Level.swift */ = {isa = PBXFileReference; fileEncoding = 4; lastKnownFileType = sourcecode.swift; path = Level.swift; sourceTree = "<group>"; };
		E3EC70E419BE1CCC002B5978 /* Sprites.atlas */ = {isa = PBXFileReference; lastKnownFileType = folder.skatlas; path = Sprites.atlas; sourceTree = "<group>"; };
		E3EC70E719BE236E002B5978 /* Level_0.json */ = {isa = PBXFileReference; fileEncoding = 4; lastKnownFileType = text.json; path = Level_0.json; sourceTree = "<group>"; };
		E3EC70E819BE236E002B5978 /* Level_1.json */ = {isa = PBXFileReference; fileEncoding = 4; lastKnownFileType = text.json; path = Level_1.json; sourceTree = "<group>"; };
		E3EC70E919BE236E002B5978 /* Level_2.json */ = {isa = PBXFileReference; fileEncoding = 4; lastKnownFileType = text.json; path = Level_2.json; sourceTree = "<group>"; };
		E3EC70EA19BE236E002B5978 /* Level_3.json */ = {isa = PBXFileReference; fileEncoding = 4; lastKnownFileType = text.json; path = Level_3.json; sourceTree = "<group>"; };
		E3EC70EB19BE236E002B5978 /* Level_4.json */ = {isa = PBXFileReference; fileEncoding = 4; lastKnownFileType = text.json; path = Level_4.json; sourceTree = "<group>"; };
		E3EC70F119BE239E002B5978 /* Tile.swift */ = {isa = PBXFileReference; fileEncoding = 4; lastKnownFileType = sourcecode.swift; name = Tile.swift; path = Levels/Tile.swift; sourceTree = "<group>"; };
		E3EC70F319BE23CD002B5978 /* Extensions.swift */ = {isa = PBXFileReference; fileEncoding = 4; lastKnownFileType = sourcecode.swift; path = Extensions.swift; sourceTree = "<group>"; };
		E3EC70F519BE2C07002B5978 /* Swap.swift */ = {isa = PBXFileReference; fileEncoding = 4; lastKnownFileType = sourcecode.swift; path = Swap.swift; sourceTree = "<group>"; };
		E3EC70F819BE3B58002B5978 /* Chomp.wav */ = {isa = PBXFileReference; lastKnownFileType = audio.wav; path = Chomp.wav; sourceTree = "<group>"; };
		E3EC70F919BE3B58002B5978 /* Drip.wav */ = {isa = PBXFileReference; lastKnownFileType = audio.wav; path = Drip.wav; sourceTree = "<group>"; };
		E3EC70FA19BE3B58002B5978 /* Error.wav */ = {isa = PBXFileReference; lastKnownFileType = audio.wav; path = Error.wav; sourceTree = "<group>"; };
		E3EC70FB19BE3B58002B5978 /* Ka-Ching.wav */ = {isa = PBXFileReference; lastKnownFileType = audio.wav; path = "Ka-Ching.wav"; sourceTree = "<group>"; };
		E3EC70FC19BE3B58002B5978 /* Mining by Moonlight.mp3 */ = {isa = PBXFileReference; lastKnownFileType = audio.mp3; path = "Mining by Moonlight.mp3"; sourceTree = "<group>"; };
		E3EC70FD19BE3B58002B5978 /* Scrape.wav */ = {isa = PBXFileReference; lastKnownFileType = audio.wav; path = Scrape.wav; sourceTree = "<group>"; };
		E3EC710419BE3C53002B5978 /* Chain.swift */ = {isa = PBXFileReference; fileEncoding = 4; lastKnownFileType = sourcecode.swift; path = Chain.swift; sourceTree = "<group>"; };
/* End PBXFileReference section */

/* Begin PBXFrameworksBuildPhase section */
		E3EC709D19BE13B2002B5978 /* Frameworks */ = {
			isa = PBXFrameworksBuildPhase;
			buildActionMask = 2147483647;
			files = (
			);
			runOnlyForDeploymentPostprocessing = 0;
		};
		E3EC70B319BE13B3002B5978 /* Frameworks */ = {
			isa = PBXFrameworksBuildPhase;
			buildActionMask = 2147483647;
			files = (
			);
			runOnlyForDeploymentPostprocessing = 0;
		};
/* End PBXFrameworksBuildPhase section */

/* Begin PBXGroup section */
		E3EC709719BE13B2002B5978 = {
			isa = PBXGroup;
			children = (
				E3EC70A219BE13B2002B5978 /* CatoCrush */,
				E3EC70B919BE13B3002B5978 /* CatoCrushTests */,
				E3EC70A119BE13B2002B5978 /* Products */,
			);
			sourceTree = "<group>";
		};
		E3EC70A119BE13B2002B5978 /* Products */ = {
			isa = PBXGroup;
			children = (
				E3EC70A019BE13B2002B5978 /* CatoCrush.app */,
				E3EC70B619BE13B3002B5978 /* CatoCrushTests.xctest */,
			);
			name = Products;
			sourceTree = "<group>";
		};
		E3EC70A219BE13B2002B5978 /* CatoCrush */ = {
			isa = PBXGroup;
			children = (
				E3EC70F719BE3B58002B5978 /* Sounds */,
				E3EC70E619BE236E002B5978 /* Levels */,
				E3EC70E419BE1CCC002B5978 /* Sprites.atlas */,
				E3EC70C619BE13D6002B5978 /* Grid.atlas */,
				E3EC70A519BE13B2002B5978 /* AppDelegate.swift */,
				E3EC70F119BE239E002B5978 /* Tile.swift */,
				E3EC70A919BE13B2002B5978 /* GameScene.swift */,
				E3EC710419BE3C53002B5978 /* Chain.swift */,
				E3EC70F519BE2C07002B5978 /* Swap.swift */,
				E3EC70DC19BE1704002B5978 /* Program.swift */,
				E3EC70DE19BE1904002B5978 /* Array2D.swift */,
				E3EC70E019BE19AB002B5978 /* Set.swift */,
				E3EC70E219BE19F2002B5978 /* Level.swift */,
				E3EC70F319BE23CD002B5978 /* Extensions.swift */,
				E3EC70DA19BE14EB002B5978 /* Images.xcassets */,
				E3EC70AB19BE13B2002B5978 /* GameViewController.swift */,
				E3EC70AD19BE13B2002B5978 /* Main.storyboard */,
				E3EC70A319BE13B2002B5978 /* Supporting Files */,
			);
			path = CatoCrush;
			sourceTree = "<group>";
		};
		E3EC70A319BE13B2002B5978 /* Supporting Files */ = {
			isa = PBXGroup;
			children = (
				E3EC70A419BE13B2002B5978 /* Info.plist */,
			);
			name = "Supporting Files";
			sourceTree = "<group>";
		};
		E3EC70B919BE13B3002B5978 /* CatoCrushTests */ = {
			isa = PBXGroup;
			children = (
				E3EC70BC19BE13B3002B5978 /* CatoCrushTests.swift */,
				E3EC70BA19BE13B3002B5978 /* Supporting Files */,
			);
			path = CatoCrushTests;
			sourceTree = "<group>";
		};
		E3EC70BA19BE13B3002B5978 /* Supporting Files */ = {
			isa = PBXGroup;
			children = (
				E3EC70BB19BE13B3002B5978 /* Info.plist */,
			);
			name = "Supporting Files";
			sourceTree = "<group>";
		};
		E3EC70E619BE236E002B5978 /* Levels */ = {
			isa = PBXGroup;
			children = (
				E3EC70E719BE236E002B5978 /* Level_0.json */,
				E3EC70E819BE236E002B5978 /* Level_1.json */,
				E3EC70E919BE236E002B5978 /* Level_2.json */,
				E3EC70EA19BE236E002B5978 /* Level_3.json */,
				E3EC70EB19BE236E002B5978 /* Level_4.json */,
			);
			path = Levels;
			sourceTree = "<group>";
		};
		E3EC70F719BE3B58002B5978 /* Sounds */ = {
			isa = PBXGroup;
			children = (
				E3EC70F819BE3B58002B5978 /* Chomp.wav */,
				E3EC70F919BE3B58002B5978 /* Drip.wav */,
				E3EC70FA19BE3B58002B5978 /* Error.wav */,
				E3EC70FB19BE3B58002B5978 /* Ka-Ching.wav */,
				E3EC70FC19BE3B58002B5978 /* Mining by Moonlight.mp3 */,
				E3EC70FD19BE3B58002B5978 /* Scrape.wav */,
			);
			path = Sounds;
			sourceTree = "<group>";
		};
/* End PBXGroup section */

/* Begin PBXNativeTarget section */
		E3EC709F19BE13B2002B5978 /* CatoCrush */ = {
			isa = PBXNativeTarget;
			buildConfigurationList = E3EC70C019BE13B3002B5978 /* Build configuration list for PBXNativeTarget "CatoCrush" */;
			buildPhases = (
				E3EC709C19BE13B2002B5978 /* Sources */,
				E3EC709D19BE13B2002B5978 /* Frameworks */,
				E3EC709E19BE13B2002B5978 /* Resources */,
			);
			buildRules = (
			);
			dependencies = (
			);
			name = CatoCrush;
			productName = CatoCrush;
			productReference = E3EC70A019BE13B2002B5978 /* CatoCrush.app */;
			productType = "com.apple.product-type.application";
		};
		E3EC70B519BE13B3002B5978 /* CatoCrushTests */ = {
			isa = PBXNativeTarget;
			buildConfigurationList = E3EC70C319BE13B3002B5978 /* Build configuration list for PBXNativeTarget "CatoCrushTests" */;
			buildPhases = (
				E3EC70B219BE13B3002B5978 /* Sources */,
				E3EC70B319BE13B3002B5978 /* Frameworks */,
				E3EC70B419BE13B3002B5978 /* Resources */,
			);
			buildRules = (
			);
			dependencies = (
				E3EC70B819BE13B3002B5978 /* PBXTargetDependency */,
			);
			name = CatoCrushTests;
			productName = CatoCrushTests;
			productReference = E3EC70B619BE13B3002B5978 /* CatoCrushTests.xctest */;
			productType = "com.apple.product-type.bundle.unit-test";
		};
/* End PBXNativeTarget section */

/* Begin PBXProject section */
		E3EC709819BE13B2002B5978 /* Project object */ = {
			isa = PBXProject;
			attributes = {
				LastUpgradeCheck = 0600;
				ORGANIZATIONNAME = "Digital AG Studios";
				TargetAttributes = {
					E3EC709F19BE13B2002B5978 = {
						CreatedOnToolsVersion = 6.0;
					};
					E3EC70B519BE13B3002B5978 = {
						CreatedOnToolsVersion = 6.0;
						TestTargetID = E3EC709F19BE13B2002B5978;
					};
				};
			};
			buildConfigurationList = E3EC709B19BE13B2002B5978 /* Build configuration list for PBXProject "CatoCrush" */;
			compatibilityVersion = "Xcode 3.2";
			developmentRegion = English;
			hasScannedForEncodings = 0;
			knownRegions = (
				en,
				Base,
			);
			mainGroup = E3EC709719BE13B2002B5978;
			productRefGroup = E3EC70A119BE13B2002B5978 /* Products */;
			projectDirPath = "";
			projectRoot = "";
			targets = (
				E3EC709F19BE13B2002B5978 /* CatoCrush */,
				E3EC70B519BE13B3002B5978 /* CatoCrushTests */,
			);
		};
/* End PBXProject section */

/* Begin PBXResourcesBuildPhase section */
		E3EC709E19BE13B2002B5978 /* Resources */ = {
			isa = PBXResourcesBuildPhase;
			buildActionMask = 2147483647;
			files = (
				E3EC70DB19BE14EB002B5978 /* Images.xcassets in Resources */,
				E3EC70FF19BE3B58002B5978 /* Drip.wav in Resources */,
				E3EC70F019BE236E002B5978 /* Level_4.json in Resources */,
				E3EC710019BE3B58002B5978 /* Error.wav in Resources */,
				E3EC70EE19BE236E002B5978 /* Level_2.json in Resources */,
				E3EC710319BE3B58002B5978 /* Scrape.wav in Resources */,
				E3EC70EC19BE236E002B5978 /* Level_0.json in Resources */,
				E3EC70FE19BE3B58002B5978 /* Chomp.wav in Resources */,
				E3EC710219BE3B58002B5978 /* Mining by Moonlight.mp3 in Resources */,
				E3EC70AF19BE13B2002B5978 /* Main.storyboard in Resources */,
				E3EC710119BE3B58002B5978 /* Ka-Ching.wav in Resources */,
				E3EC70E519BE1CCC002B5978 /* Sprites.atlas in Resources */,
				E3EC70ED19BE236E002B5978 /* Level_1.json in Resources */,
				E3EC70EF19BE236E002B5978 /* Level_3.json in Resources */,
				E3EC70C719BE13D6002B5978 /* Grid.atlas in Resources */,
			);
			runOnlyForDeploymentPostprocessing = 0;
		};
		E3EC70B419BE13B3002B5978 /* Resources */ = {
			isa = PBXResourcesBuildPhase;
			buildActionMask = 2147483647;
			files = (
			);
			runOnlyForDeploymentPostprocessing = 0;
		};
/* End PBXResourcesBuildPhase section */

/* Begin PBXSourcesBuildPhase section */
		E3EC709C19BE13B2002B5978 /* Sources */ = {
			isa = PBXSourcesBuildPhase;
			buildActionMask = 2147483647;
			files = (
				E3EC70AA19BE13B2002B5978 /* GameScene.swift in Sources */,
				E3EC70F419BE23CD002B5978 /* Extensions.swift in Sources */,
				E3EC70E319BE19F2002B5978 /* Level.swift in Sources */,
				E3EC710519BE3C53002B5978 /* Chain.swift in Sources */,
				E3EC70DD19BE1704002B5978 /* Program.swift in Sources */,
				E3EC70F619BE2C08002B5978 /* Swap.swift in Sources */,
				E3EC70F219BE239E002B5978 /* Tile.swift in Sources */,
				E3EC70E119BE19AB002B5978 /* Set.swift in Sources */,
				E3EC70AC19BE13B2002B5978 /* GameViewController.swift in Sources */,
				E3EC70A619BE13B2002B5978 /* AppDelegate.swift in Sources */,
				E3EC70DF19BE1904002B5978 /* Array2D.swift in Sources */,
			);
			runOnlyForDeploymentPostprocessing = 0;
		};
		E3EC70B219BE13B3002B5978 /* Sources */ = {
			isa = PBXSourcesBuildPhase;
			buildActionMask = 2147483647;
			files = (
				E3EC70BD19BE13B3002B5978 /* CatoCrushTests.swift in Sources */,
			);
			runOnlyForDeploymentPostprocessing = 0;
		};
/* End PBXSourcesBuildPhase section */

/* Begin PBXTargetDependency section */
		E3EC70B819BE13B3002B5978 /* PBXTargetDependency */ = {
			isa = PBXTargetDependency;
			target = E3EC709F19BE13B2002B5978 /* CatoCrush */;
			targetProxy = E3EC70B719BE13B3002B5978 /* PBXContainerItemProxy */;
		};
/* End PBXTargetDependency section */

/* Begin PBXVariantGroup section */
		E3EC70AD19BE13B2002B5978 /* Main.storyboard */ = {
			isa = PBXVariantGroup;
			children = (
				E3EC70AE19BE13B2002B5978 /* Base */,
			);
			name = Main.storyboard;
			sourceTree = "<group>";
		};
/* End PBXVariantGroup section */

/* Begin XCBuildConfiguration section */
		E3EC70BE19BE13B3002B5978 /* Debug */ = {
			isa = XCBuildConfiguration;
			buildSettings = {
				ALWAYS_SEARCH_USER_PATHS = NO;
				CLANG_CXX_LANGUAGE_STANDARD = "gnu++0x";
				CLANG_CXX_LIBRARY = "libc++";
				CLANG_ENABLE_MODULES = YES;
				CLANG_ENABLE_OBJC_ARC = YES;
				CLANG_WARN_BOOL_CONVERSION = YES;
				CLANG_WARN_CONSTANT_CONVERSION = YES;
				CLANG_WARN_DIRECT_OBJC_ISA_USAGE = YES_ERROR;
				CLANG_WARN_EMPTY_BODY = YES;
				CLANG_WARN_ENUM_CONVERSION = YES;
				CLANG_WARN_INT_CONVERSION = YES;
				CLANG_WARN_OBJC_ROOT_CLASS = YES_ERROR;
				CLANG_WARN_UNREACHABLE_CODE = YES;
				CLANG_WARN__DUPLICATE_METHOD_MATCH = YES;
				"CODE_SIGN_IDENTITY[sdk=iphoneos*]" = "iPhone Developer";
				COPY_PHASE_STRIP = NO;
				ENABLE_STRICT_OBJC_MSGSEND = YES;
				GCC_C_LANGUAGE_STANDARD = gnu99;
				GCC_DYNAMIC_NO_PIC = NO;
				GCC_OPTIMIZATION_LEVEL = 0;
				GCC_PREPROCESSOR_DEFINITIONS = (
					"DEBUG=1",
					"$(inherited)",
				);
				GCC_SYMBOLS_PRIVATE_EXTERN = NO;
				GCC_WARN_64_TO_32_BIT_CONVERSION = YES;
				GCC_WARN_ABOUT_RETURN_TYPE = YES_ERROR;
				GCC_WARN_UNDECLARED_SELECTOR = YES;
				GCC_WARN_UNINITIALIZED_AUTOS = YES_AGGRESSIVE;
				GCC_WARN_UNUSED_FUNCTION = YES;
				GCC_WARN_UNUSED_VARIABLE = YES;
				IPHONEOS_DEPLOYMENT_TARGET = 8.0;
				MTL_ENABLE_DEBUG_INFO = YES;
				ONLY_ACTIVE_ARCH = YES;
				SDKROOT = iphoneos;
				SWIFT_OPTIMIZATION_LEVEL = "-Onone";
			};
			name = Debug;
		};
		E3EC70BF19BE13B3002B5978 /* Release */ = {
			isa = XCBuildConfiguration;
			buildSettings = {
				ALWAYS_SEARCH_USER_PATHS = NO;
				CLANG_CXX_LANGUAGE_STANDARD = "gnu++0x";
				CLANG_CXX_LIBRARY = "libc++";
				CLANG_ENABLE_MODULES = YES;
				CLANG_ENABLE_OBJC_ARC = YES;
				CLANG_WARN_BOOL_CONVERSION = YES;
				CLANG_WARN_CONSTANT_CONVERSION = YES;
				CLANG_WARN_DIRECT_OBJC_ISA_USAGE = YES_ERROR;
				CLANG_WARN_EMPTY_BODY = YES;
				CLANG_WARN_ENUM_CONVERSION = YES;
				CLANG_WARN_INT_CONVERSION = YES;
				CLANG_WARN_OBJC_ROOT_CLASS = YES_ERROR;
				CLANG_WARN_UNREACHABLE_CODE = YES;
				CLANG_WARN__DUPLICATE_METHOD_MATCH = YES;
				"CODE_SIGN_IDENTITY[sdk=iphoneos*]" = "iPhone Developer";
				COPY_PHASE_STRIP = YES;
				ENABLE_NS_ASSERTIONS = NO;
				ENABLE_STRICT_OBJC_MSGSEND = YES;
				GCC_C_LANGUAGE_STANDARD = gnu99;
				GCC_WARN_64_TO_32_BIT_CONVERSION = YES;
				GCC_WARN_ABOUT_RETURN_TYPE = YES_ERROR;
				GCC_WARN_UNDECLARED_SELECTOR = YES;
				GCC_WARN_UNINITIALIZED_AUTOS = YES_AGGRESSIVE;
				GCC_WARN_UNUSED_FUNCTION = YES;
				GCC_WARN_UNUSED_VARIABLE = YES;
				IPHONEOS_DEPLOYMENT_TARGET = 8.0;
				MTL_ENABLE_DEBUG_INFO = NO;
				SDKROOT = iphoneos;
				VALIDATE_PRODUCT = YES;
			};
			name = Release;
		};
		E3EC70C119BE13B3002B5978 /* Debug */ = {
			isa = XCBuildConfiguration;
			buildSettings = {
				ASSETCATALOG_COMPILER_APPICON_NAME = AppIcon;
				ASSETCATALOG_COMPILER_LAUNCHIMAGE_NAME = LaunchImage;
				INFOPLIST_FILE = CatoCrush/Info.plist;
				LD_RUNPATH_SEARCH_PATHS = "$(inherited) @executable_path/Frameworks";
				PRODUCT_NAME = "$(TARGET_NAME)";
			};
			name = Debug;
		};
		E3EC70C219BE13B3002B5978 /* Release */ = {
			isa = XCBuildConfiguration;
			buildSettings = {
				ASSETCATALOG_COMPILER_APPICON_NAME = AppIcon;
				ASSETCATALOG_COMPILER_LAUNCHIMAGE_NAME = LaunchImage;
				INFOPLIST_FILE = CatoCrush/Info.plist;
				LD_RUNPATH_SEARCH_PATHS = "$(inherited) @executable_path/Frameworks";
				PRODUCT_NAME = "$(TARGET_NAME)";
			};
			name = Release;
		};
		E3EC70C419BE13B3002B5978 /* Debug */ = {
			isa = XCBuildConfiguration;
			buildSettings = {
				BUNDLE_LOADER = "$(TEST_HOST)";
				FRAMEWORK_SEARCH_PATHS = (
					"$(SDKROOT)/Developer/Library/Frameworks",
					"$(inherited)",
				);
				GCC_PREPROCESSOR_DEFINITIONS = (
					"DEBUG=1",
					"$(inherited)",
				);
				INFOPLIST_FILE = CatoCrushTests/Info.plist;
				LD_RUNPATH_SEARCH_PATHS = "$(inherited) @executable_path/Frameworks @loader_path/Frameworks";
				PRODUCT_NAME = "$(TARGET_NAME)";
				TEST_HOST = "$(BUILT_PRODUCTS_DIR)/CatoCrush.app/CatoCrush";
			};
			name = Debug;
		};
		E3EC70C519BE13B3002B5978 /* Release */ = {
			isa = XCBuildConfiguration;
			buildSettings = {
				BUNDLE_LOADER = "$(TEST_HOST)";
				FRAMEWORK_SEARCH_PATHS = (
					"$(SDKROOT)/Developer/Library/Frameworks",
					"$(inherited)",
				);
				INFOPLIST_FILE = CatoCrushTests/Info.plist;
				LD_RUNPATH_SEARCH_PATHS = "$(inherited) @executable_path/Frameworks @loader_path/Frameworks";
				PRODUCT_NAME = "$(TARGET_NAME)";
				TEST_HOST = "$(BUILT_PRODUCTS_DIR)/CatoCrush.app/CatoCrush";
			};
			name = Release;
		};
/* End XCBuildConfiguration section */

/* Begin XCConfigurationList section */
		E3EC709B19BE13B2002B5978 /* Build configuration list for PBXProject "CatoCrush" */ = {
			isa = XCConfigurationList;
			buildConfigurations = (
				E3EC70BE19BE13B3002B5978 /* Debug */,
				E3EC70BF19BE13B3002B5978 /* Release */,
			);
			defaultConfigurationIsVisible = 0;
			defaultConfigurationName = Release;
		};
		E3EC70C019BE13B3002B5978 /* Build configuration list for PBXNativeTarget "CatoCrush" */ = {
			isa = XCConfigurationList;
			buildConfigurations = (
				E3EC70C119BE13B3002B5978 /* Debug */,
				E3EC70C219BE13B3002B5978 /* Release */,
			);
			defaultConfigurationIsVisible = 0;
		};
		E3EC70C319BE13B3002B5978 /* Build configuration list for PBXNativeTarget "CatoCrushTests" */ = {
			isa = XCConfigurationList;
			buildConfigurations = (
				E3EC70C419BE13B3002B5978 /* Debug */,
				E3EC70C519BE13B3002B5978 /* Release */,
			);
			defaultConfigurationIsVisible = 0;
		};
/* End XCConfigurationList section */
	};
	rootObject = E3EC709819BE13B2002B5978 /* Project object */;
}
